<Project xmlns="http://schemas.microsoft.com/developer/msbuild/2003">
    <PropertyGroup>
        <ProjectGuid>{76D0E49E-71EF-4D48-8BA3-DE5A3252D0D1}</ProjectGuid>
        <ProjectVersion>18.2</ProjectVersion>
        <FrameworkType>FMX</FrameworkType>
        <Base>True</Base>
        <Config Condition="'$(Config)'==''">Debug</Config>
        <Platform Condition="'$(Platform)'==''">Win32</Platform>
        <TargetedPlatforms>1</TargetedPlatforms>
        <AppType>Console</AppType>
        <MainSource>crud_test.dpr</MainSource>
    </PropertyGroup>
    <PropertyGroup Condition="'$(Config)'=='Base' or '$(Base)'!=''">
        <Base>true</Base>
    </PropertyGroup>
    <PropertyGroup Condition="('$(Platform)'=='Win32' and '$(Base)'=='true') or '$(Base_Win32)'!=''">
        <Base_Win32>true</Base_Win32>
        <CfgParent>Base</CfgParent>
        <Base>true</Base>
    </PropertyGroup>
    <PropertyGroup Condition="('$(Platform)'=='Win64' and '$(Base)'=='true') or '$(Base_Win64)'!=''">
        <Base_Win64>true</Base_Win64>
        <CfgParent>Base</CfgParent>
        <Base>true</Base>
    </PropertyGroup>
    <PropertyGroup Condition="'$(Config)'=='Debug' or '$(Cfg_1)'!=''">
        <Cfg_1>true</Cfg_1>
        <CfgParent>Base</CfgParent>
        <Base>true</Base>
    </PropertyGroup>
    <PropertyGroup Condition="('$(Platform)'=='Win32' and '$(Cfg_1)'=='true') or '$(Cfg_1_Win32)'!=''">
        <Cfg_1_Win32>true</Cfg_1_Win32>
        <CfgParent>Cfg_1</CfgParent>
        <Cfg_1>true</Cfg_1>
        <Base>true</Base>
    </PropertyGroup>
    <PropertyGroup Condition="'$(Config)'=='Release' or '$(Cfg_2)'!=''">
        <Cfg_2>true</Cfg_2>
        <CfgParent>Base</CfgParent>
        <Base>true</Base>
    </PropertyGroup>
    <PropertyGroup Condition="'$(Base)'!=''">
        <SanitizedProjectName>crud_test</SanitizedProjectName>
        <DCC_Define>_CONSOLE_TESTRUNNER;$(DCC_Define)</DCC_Define>
        <DCC_UnitSearchPath>$(BDS)\Source\DUnit\src;$(DCC_UnitSearchPath)</DCC_UnitSearchPath>
        <DCC_Namespace>System;Xml;Data;Datasnap;Web;Soap;Vcl;Vcl.Imaging;Vcl.Touch;Vcl.Samples;Vcl.Shell;$(DCC_Namespace)</DCC_Namespace>
        <DCC_DcuOutput>.</DCC_DcuOutput>
        <DCC_ExeOutput>.\$(Platform)\$(Config)</DCC_ExeOutput>
        <DCC_E>false</DCC_E>
        <DCC_N>false</DCC_N>
        <DCC_S>false</DCC_S>
        <DCC_F>false</DCC_F>
        <DCC_K>false</DCC_K>
    </PropertyGroup>
    <PropertyGroup Condition="'$(Base_Win32)'!=''">
        <VerInfo_Locale>1033</VerInfo_Locale>
        <DCC_Namespace>Winapi;System.Win;Data.Win;Datasnap.Win;Web.Win;Soap.Win;Xml.Win;Bde;$(DCC_Namespace)</DCC_Namespace>
        <BT_BuildType>Debug</BT_BuildType>
        <VerInfo_Keys>CompanyName=;FileDescription=$(MSBuildProjectName);FileVersion=1.0.0.0;InternalName=;LegalCopyright=;LegalTrademarks=;OriginalFilename=;ProgramID=com.embarcadero.$(MSBuildProjectName);ProductName=$(MSBuildProjectName);ProductVersion=1.0.0.0;Comments=</VerInfo_Keys>
        <DCC_UsePackage>DBXSqliteDriver;dxSkinBlueprintRS24;RestDatawareCORE;DBXDb2Driver;vquery240;dxPSdxGaugeControlLnkRS24;vclactnband;dxSpreadSheetRS24;vclFireDAC;dxDockingRS24;tethering;dxSkinVisualStudio2013BlueRS24;dxPScxTLLnkRS24;dxBarExtItemsRS24;FireDACADSDriver;dxFireDACServerModeRS24;JvPluginSystem;dxSkinOffice2007BlackRS24;RaizeComponentsVclDb240;QImport3RT_D24;FireDACMSSQLDriver;vcltouch;JvBands;vcldb;Intraweb;svn;dxSkinXmas2008BlueRS24;dxSkinscxSchedulerPainterRS24;DbxDevartSQLServerDriver240;JvJans;dxSkinsdxBarPainterRS24;dxSkinOffice2010BlackRS24;dacfmx240;dxADOServerModeRS24;JvDotNetCtrls;dxGDIPlusRS24;dxPSdxDBTVLnkRS24;frx24;dxSkinLilianRS24;crcontrols240;gtQRExpD24;infarma;FireDACDBXDriver;tmsexdXE10;RESTDWDriverFD;gtDocEngD24;vclx;dxNavBarRS24;cxTreeListRS24;gtPDFkitD101ProP;TeeUI924;dxSkinDevExpressDarkStyleRS24;dxtrmdRS24;RESTDWDriverUNIDAC;RESTBackendComponents;rbDB1924;dxRibbonRS24;VCLRESTComponents;cxExportRS24;TeeTree2D24Tee9;cxPivotGridChartRS24;cxTreeListdxBarPopupMenuRS24;FMXTeeImport924;dxSkinOffice2013LightGrayRS24;dxTabbedMDIRS24;vclie;rbBDE1924;bindengine;CloudService;dxSkinVisualStudio2013LightRS24;TeeImport924;FireDACMySQLDriver;JvHMI;gtRBExpD24;cxPivotGridOLAPRS24;rbDAD1924;dxSkinSharpRS24;gtScaleRichVwExpD24;DataSnapClient;dxSkinBlackRS24;dclZipForged24;dxPSLnksRS24;bindcompdbx;dxSkinCoffeeRS24;DBXSybaseASEDriver;IndyIPServer;dxSkinsdxRibbonPainterRS24;dxCoreRS24;IndySystem;TeeLanguage924;TBGWebCharts;tmsxlsdXE10;dxSkinOffice2013DarkGrayRS24;dsnapcon;FireDACMSAccDriver;fmxFireDAC;FireDACInfxDriver;vclimg;gtRaveExpD24;Jcl;emshosting;dxBarDBNavRS24;dxSkinDarkSideRS24;TeeGL924;dxSkinOffice2013WhiteRS24;DBXOdbcDriver;FireDACTDataDriver;dxPSdxLCLnkRS24;rbFireDAC1924;dxPScxExtCommonRS24;soaprtl;DbxCommonDriver;WinSkinD2010;QRWRunDXE10_1_w64;dxPScxPivotGridLnkRS24;JvManagedThreads;xmlrtl;soapmidas;DataSnapNativeClient;fmxobj;rbDIDE1924;dxSkinMcSkinRS24;rtl;gtFRExpD24;DbxClientDriver;dxLayoutControlRS24;DBXSybaseASADriver;cxGridRS24;dxSkinBlueRS24;dxSpellCheckerRS24;JvTimeFramework;JvSystem;cxLibraryRS24;dxSkinStardustRS24;JvStdCtrls;dxSkinCaramelRS24;rbIDE1924;appanalytics;dxSkinsCoreRS24;dxDBXServerModeRS24;dxMapControlRS24;IndyIPClient;dxSkinHighContrastRS24;bindcompvcl;dxSkinTheAsphaltWorldRS24;frxe24;cxPageControlRS24;dxPsPrVwAdvRS24;cxEditorsRS24;dxSkinSevenClassicRS24;TeeImage924;VclSmp;gtXPressExpD24;cxSchedulerRibbonStyleEventEditorRS24;FireDACODBCDriver;rbUSER1924;JvDocking;dxSkinPumpkinRS24;DataSnapIndy10ServerTransport;aurelius;FMXTeePro924;dxSkinscxPCPainterRS24;dxPSPrVwRibbonRS24;JclVcl;JvPascalInterpreter;DataSnapProviderClient;FireDACMongoDBDriver;TeePro924;dxSkinSevenRS24;JvControls;JvPrintPreview;dxdborRS24;dxmdsRS24;dxHttpIndyRequestRS24;RESTComponents;cxSchedulerGridRS24;DataSnapServerMidas;cxPivotGridRS24;DBXInterBaseDriver;RtmRxDB240;emsclientfiredac;DataSnapFireDAC;svnui;TeeDB924;JvGlobus;dxdbtrRS24;dxSkinMetropolisRS24;dxSkinMoneyTwinsRS24;dxPScxPCProdRS24;DBXMSSQLDriver;JvMM;DatasnapConnectorsFreePascal;unidacfmx240;dxWizardControlRS24;FMXTee924;gtHtmVwExpD24;bindcompfmx;dxPSdxOCLnkRS24;dxBarExtDBItemsRS24;DBXOracleDriver;unidacvcl240;dxPSdxFCLnkRS24;inetdb;DelPrintDX101;dxSkinOffice2016ColorfulRS24;rbUSERDesign1924;DWhtmlEditor;JvAppFrm;JvNet;cxSchedulerTreeBrowserRS24;emsedge;unidac240;FireDACIBDriver;fmx;fmxdae;dxSkinSpringTimeRS24;dxSkinValentineRS24;dxSkinLondonLiquidSkyRS24;dxSkinWhiteprintRS24;JvWizards;Tee924;gtACEExpD24;dbexpress;IndyCore;dxSkiniMaginaryRS24;dxTileControlRS24;dxSkinOffice2016DarkRS24;dsnap;DataSnapCommon;emsclient;cxDataRS24;FireDACCommon;dxSkinOffice2007PinkRS24;dxPSdxSpreadSheetLnkRS24;JvDB;JvPageComps;bdertl;DataSnapConnectors;dxSkinDevExpressStyleRS24;soapserver;dac240;JclDeveloperTools;dxBarRS24;dxSkinMetropolisDarkRS24;FireDACOracleDriver;DBXMySQLDriver;rbCIDE1924;JvCmp;dxPSRichEditControlLnkRS24;DBXFirebirdDriver;gtAdvGridExpD24;dxPScxCommonRS24;dclRBDBE1924;FireDACCommonODBC;FireDACCommonDriver;RESTDWDriverRDW;FMXTeeLanguage924;inet;IndyIPCommon;dxSkinVS2010RS24;JvCustom;vcl;dxSkinSharpPlusRS24;JvXPCtrls;rbRCL1924;dxPSdxDBOCLnkRS24;FireDACDb2Driver;dxThemeRS24;dclRBE1924;dxSkinOffice2007GreenRS24;rbDBE1924;RaizeComponentsVcl240;dxPScxGridLnkRS24;FireDAC;dxPScxVGridLnkRS24;JvCore;JvCrypt;FireDACSqliteDriver;FireDACPgDriver;dxSkinOffice2010BlueRS24;FireDACASADriver;dclRBFireDAC1924;dxServerModeRS24;gtRichVwExpD24;TeeWorld924;JvDlgs;rbADO1924;JvRuntimeDesign;dacvcl240;DataSnapServer;FMXTree24;vclwinx;FireDACDSDriver;cxSchedulerRS24;dxPSCoreRS24;dxSkinsdxDLPainterRS24;dxSkinOffice2007BlueRS24;CustomIPTransport;vcldsnap;dxSkinGlassOceansRS24;dxRibbonCustomizationFormRS24;dxPScxSchedulerLnkRS24;dxSkinSummer2008RS24;FMXTeeDB924;bindcomp;FmxTeeUI924;dxSkinDarkRoomRS24;DBXInformixDriver;dxorgcRS24;dxSkinFoggyRS24;tmswizdXE10;dxSkinOffice2010SilverRS24;frce;dxRichEditControlRS24;dxSkinsdxNavBarPainterRS24;dbxcds;RtmRxCtl240;adortl;vclZipForged24;dxSkinSilverRS24;dxSkinVisualStudio2013DarkRS24;dxComnRS24;rbRIDE1924;cxVerticalGridRS24;dxFlowChartRS24;frxDB24;dclRBADO1924;dsnapxml;dbrtl;inetdbxpress;IndyProtocols;rbRAP1924;QExport4RT_D24;dxGaugeControlRS24;dxSkinLiquidSkyRS24;tdbf;dxSkinOffice2007SilverRS24;JclContainers;tmsdXE10;fmxase;$(DCC_UsePackage)</DCC_UsePackage>
    </PropertyGroup>
    <PropertyGroup Condition="'$(Base_Win64)'!=''">
        <DCC_UsePackage>DBXSqliteDriver;dxSkinBlueprintRS24;RestDatawareCORE;DBXDb2Driver;dxPSdxGaugeControlLnkRS24;vclactnband;dxSpreadSheetRS24;vclFireDAC;dxDockingRS24;tethering;dxSkinVisualStudio2013BlueRS24;dxPScxTLLnkRS24;dxBarExtItemsRS24;FireDACADSDriver;dxFireDACServerModeRS24;dxSkinOffice2007BlackRS24;FireDACMSSQLDriver;vcltouch;vcldb;Intraweb;dxSkinXmas2008BlueRS24;dxSkinscxSchedulerPainterRS24;dxSkinsdxBarPainterRS24;dxSkinOffice2010BlackRS24;dxADOServerModeRS24;dxGDIPlusRS24;dxPSdxDBTVLnkRS24;dxSkinLilianRS24;FireDACDBXDriver;tmsexdXE10;RESTDWDriverFD;vclx;dxNavBarRS24;cxTreeListRS24;dxSkinDevExpressDarkStyleRS24;dxtrmdRS24;RESTDWDriverUNIDAC;RESTBackendComponents;dxRibbonRS24;VCLRESTComponents;cxExportRS24;cxPivotGridChartRS24;cxTreeListdxBarPopupMenuRS24;dxSkinOffice2013LightGrayRS24;dxTabbedMDIRS24;vclie;bindengine;CloudService;dxSkinVisualStudio2013LightRS24;FireDACMySQLDriver;cxPivotGridOLAPRS24;dxSkinSharpRS24;DataSnapClient;dxSkinBlackRS24;dxPSLnksRS24;bindcompdbx;dxSkinCoffeeRS24;DBXSybaseASEDriver;IndyIPServer;dxSkinsdxRibbonPainterRS24;dxCoreRS24;IndySystem;dxSkinOffice2013DarkGrayRS24;dsnapcon;FireDACMSAccDriver;fmxFireDAC;FireDACInfxDriver;vclimg;emshosting;dxBarDBNavRS24;dxSkinDarkSideRS24;dxSkinOffice2013WhiteRS24;DBXOdbcDriver;FireDACTDataDriver;dxPSdxLCLnkRS24;dxPScxExtCommonRS24;soaprtl;DbxCommonDriver;QRWRunDXE10_1_w64;dxPScxPivotGridLnkRS24;xmlrtl;soapmidas;DataSnapNativeClient;fmxobj;dxSkinMcSkinRS24;rtl;DbxClientDriver;dxLayoutControlRS24;DBXSybaseASADriver;cxGridRS24;dxSkinBlueRS24;dxSpellCheckerRS24;cxLibraryRS24;dxSkinStardustRS24;dxSkinCaramelRS24;appanalytics;dxSkinsCoreRS24;dxDBXServerModeRS24;dxMapControlRS24;IndyIPClient;dxSkinHighContrastRS24;bindcompvcl;dxSkinTheAsphaltWorldRS24;cxPageControlRS24;dxPsPrVwAdvRS24;cxEditorsRS24;dxSkinSevenClassicRS24;VclSmp;cxSchedulerRibbonStyleEventEditorRS24;FireDACODBCDriver;dxSkinPumpkinRS24;DataSnapIndy10ServerTransport;aurelius;dxSkinscxPCPainterRS24;dxPSPrVwRibbonRS24;DataSnapProviderClient;FireDACMongoDBDriver;dxSkinSevenRS24;dxdborRS24;dxmdsRS24;dxHttpIndyRequestRS24;RESTComponents;cxSchedulerGridRS24;DataSnapServerMidas;cxPivotGridRS24;DBXInterBaseDriver;emsclientfiredac;DataSnapFireDAC;dxdbtrRS24;dxSkinMetropolisRS24;dxSkinMoneyTwinsRS24;dxPScxPCProdRS24;DBXMSSQLDriver;DatasnapConnectorsFreePascal;dxWizardControlRS24;bindcompfmx;dxPSdxOCLnkRS24;dxBarExtDBItemsRS24;DBXOracleDriver;dxPSdxFCLnkRS24;inetdb;dxSkinOffice2016ColorfulRS24;DWhtmlEditor;cxSchedulerTreeBrowserRS24;emsedge;FireDACIBDriver;fmx;fmxdae;dxSkinSpringTimeRS24;dxSkinValentineRS24;dxSkinLondonLiquidSkyRS24;dxSkinWhiteprintRS24;dbexpress;IndyCore;dxSkiniMaginaryRS24;dxTileControlRS24;dxSkinOffice2016DarkRS24;dsnap;DataSnapCommon;emsclient;cxDataRS24;FireDACCommon;dxSkinOffice2007PinkRS24;dxPSdxSpreadSheetLnkRS24;DataSnapConnectors;dxSkinDevExpressStyleRS24;soapserver;dxBarRS24;dxSkinMetropolisDarkRS24;FireDACOracleDriver;DBXMySQLDriver;dxPSRichEditControlLnkRS24;DBXFirebirdDriver;dxPScxCommonRS24;FireDACCommonODBC;FireDACCommonDriver;inet;IndyIPCommon;dxSkinVS2010RS24;vcl;dxSkinSharpPlusRS24;dxPSdxDBOCLnkRS24;FireDACDb2Driver;dxThemeRS24;dxSkinOffice2007GreenRS24;dxPScxGridLnkRS24;FireDAC;dxPScxVGridLnkRS24;FireDACSqliteDriver;FireDACPgDriver;dxSkinOffice2010BlueRS24;FireDACASADriver;dxServerModeRS24;DataSnapServer;vclwinx;FireDACDSDriver;cxSchedulerRS24;dxPSCoreRS24;dxSkinsdxDLPainterRS24;dxSkinOffice2007BlueRS24;CustomIPTransport;vcldsnap;dxSkinGlassOceansRS24;dxRibbonCustomizationFormRS24;dxPScxSchedulerLnkRS24;dxSkinSummer2008RS24;bindcomp;dxSkinDarkRoomRS24;DBXInformixDriver;dxorgcRS24;dxSkinFoggyRS24;dxSkinOffice2010SilverRS24;dxRichEditControlRS24;dxSkinsdxNavBarPainterRS24;dbxcds;adortl;dxSkinSilverRS24;dxSkinVisualStudio2013DarkRS24;dxComnRS24;cxVerticalGridRS24;dxFlowChartRS24;dsnapxml;dbrtl;inetdbxpress;IndyProtocols;dxGaugeControlRS24;dxSkinLiquidSkyRS24;tdbf;dxSkinOffice2007SilverRS24;tmsdXE10;fmxase;$(DCC_UsePackage)</DCC_UsePackage>
    </PropertyGroup>
    <PropertyGroup Condition="'$(Cfg_1)'!=''">
        <DCC_Define>DEBUG;$(DCC_Define)</DCC_Define>
        <DCC_DebugDCUs>true</DCC_DebugDCUs>
        <DCC_Optimize>false</DCC_Optimize>
        <DCC_GenerateStackFrames>true</DCC_GenerateStackFrames>
        <DCC_DebugInfoInExe>true</DCC_DebugInfoInExe>
        <DCC_RemoteDebug>true</DCC_RemoteDebug>
    </PropertyGroup>
    <PropertyGroup Condition="'$(Cfg_1_Win32)'!=''">
        <DCC_Define>TEST_FRAMEWORK;$(DCC_Define)</DCC_Define>
        <DCC_DcpOutput>.\output\dcu</DCC_DcpOutput>
        <DCC_ExeOutput>.\output\exe</DCC_ExeOutput>
        <VerInfo_Locale>1033</VerInfo_Locale>
        <Manifest_File>(None)</Manifest_File>
        <DCC_DcuOutput>.\output\dcu</DCC_DcuOutput>
        <DCC_RemoteDebug>false</DCC_RemoteDebug>
    </PropertyGroup>
    <PropertyGroup Condition="'$(Cfg_2)'!=''">
        <DCC_LocalDebugSymbols>false</DCC_LocalDebugSymbols>
        <DCC_Define>RELEASE;$(DCC_Define)</DCC_Define>
        <DCC_SymbolReferenceInfo>0</DCC_SymbolReferenceInfo>
        <DCC_DebugInformation>0</DCC_DebugInformation>
    </PropertyGroup>
    <ItemGroup>
        <DelphiCompile Include="$(MainSource)">
            <MainSource>MainSource</MainSource>
        </DelphiCompile>
        <DCCReference Include="Vendor\dataset-serialize\src\DataSet.Serialize.Config.pas"/>
        <DCCReference Include="Vendor\dataset-serialize\src\DataSet.Serialize.Consts.pas"/>
        <DCCReference Include="Vendor\dataset-serialize\src\DataSet.Serialize.Export.pas"/>
        <DCCReference Include="Vendor\dataset-serialize\src\DataSet.Serialize.Import.pas"/>
        <DCCReference Include="Vendor\dataset-serialize\src\DataSet.Serialize.Language.pas"/>
        <DCCReference Include="Vendor\dataset-serialize\src\DataSet.Serialize.pas"/>
        <DCCReference Include="Vendor\dataset-serialize\src\DataSet.Serialize.UpdatedStatus.pas"/>
        <DCCReference Include="Vendor\dataset-serialize\src\DataSet.Serialize.Utils.pas"/>
        <DCCReference Include="Vendor\ZLConnection\src\uZLConnection.Types.pas"/>
        <DCCReference Include="Vendor\ZLConnection\src\uZLMemTable.Interfaces.pas"/>
        <DCCReference Include="Vendor\ZLConnection\src\uZLMigration.pas"/>
        <DCCReference Include="Vendor\ZLConnection\src\uZLQry.Interfaces.pas"/>
        <DCCReference Include="Vendor\ZLConnection\src\uZLScript.Interfaces.pas"/>
        <DCCReference Include="Vendor\ZLConnection\src\FireDAC\uZLConnection.FireDAC.pas"/>
        <DCCReference Include="Vendor\ZLConnection\src\uZLConnection.Interfaces.pas"/>
        <DCCReference Include="Vendor\ZLConnection\src\FireDAC\uZLMemTable.FireDAC.pas"/>
        <DCCReference Include="Vendor\ZLConnection\src\FireDAC\uZLQry.FireDAC.pas"/>
        <DCCReference Include="Vendor\ZLConnection\src\FireDAC\uZLScript.FireDAC.pas"/>
        <DCCReference Include="Vendor\DataSetConverter4Delphi\src\DataSetConverter4D.Helper.pas"/>
        <DCCReference Include="Vendor\DataSetConverter4Delphi\src\DataSetConverter4D.Impl.pas"/>
        <DCCReference Include="Vendor\DataSetConverter4Delphi\src\DataSetConverter4D.pas"/>
        <DCCReference Include="Vendor\DataSetConverter4Delphi\src\DataSetConverter4D.Util.pas"/>
        <DCCReference Include="Vendor\SmartPointer\src\uSmartPointer.pas"/>
        <DCCReference Include="Vendor\Either\src\uEither.pas">
            <Form>/ ------</Form>
        </DCCReference>
        <DCCReference Include="Shared\Environment\uEnv.pas"/>
        <DCCReference Include="Shared\Config\uSession.DTM.pas">
            <Form>SessionDTM</Form>
            <DesignClass>TDataModule</DesignClass>
        </DCCReference>
        <DCCReference Include="tests\Module\Stock\Product\Controller\uProduct.Controller.Test.pas"/>
        <DCCReference Include="Module\Stock\Product\Controller\uProduct.Controller.Interfaces.pas"/>
        <DCCReference Include="Shared\DTO\uBase.DTO.pas"/>
        <DCCReference Include="Module\Stock\Product\DTO\uProduct.DTO.pas"/>
        <DCCReference Include="Shared\Controller\uController.Factory.pas"/>
        <DCCReference Include="Module\Stock\Product\Controller\uProduct.Controller.pas"/>
        <DCCReference Include="Module\Stock\Product\Repository\uProduct.Repository.Interfaces.pas"/>
        <DCCReference Include="Shared\Repository\uRepository.Factory.pas"/>
        <DCCReference Include="Module\Stock\Product\Repository\uProduct.Repository.pas"/>
        <DCCReference Include="Module\Stock\Product\UseCase\uProduct.Store.UseCase.pas"/>
        <DCCReference Include="Shared\Exception\Entity\uEntityValidation.Exception.pas"/>
        <DCCReference Include="Shared\Exception\uApplication.Exception.pas"/>
        <DCCReference Include="Module\Stock\Product\Domain\Entity\uProduct.pas"/>
        <DCCReference Include="Shared\Domain\Entity\uBase.Entity.pas"/>
        <DCCReference Include="Module\Stock\Product\Mapper\uProduct.Mapper.pas"/>
        <DCCReference Include="Shared\Config\uConnection.Factory.pas"/>
        <DCCReference Include="Shared\Util\uHlp.pas"/>
        <DCCReference Include="Module\Stock\Product\UseCase\uProduct.Delete.UseCase.pas"/>
        <DCCReference Include="Module\Stock\Product\UseCase\uProduct.Show.UseCase.pas"/>
        <DCCReference Include="Module\Stock\Product\UseCase\uProduct.Update.UseCase.pas"/>
        <DCCReference Include="Shared\Util\uIndexResult.pas"/>
        <DCCReference Include="Shared\Config\uMemTable.Factory.pas"/>
        <DCCReference Include="Module\Stock\Product\UseCase\uProduct.Index.UseCase.pas"/>
        <DCCReference Include="Shared\Resources\Language\uTrans.pas"/>
        <DCCReference Include="Shared\Config\uConnMigration.pas"/>
        <DCCReference Include="Shared\Config\Migrations\u2023_03_27_07_32_00_create_product_table.migration.pas"/>
        <DCCReference Include="Shared\Config\uBase.Migration.pas"/>
        <BuildConfiguration Include="Release">
            <Key>Cfg_2</Key>
            <CfgParent>Base</CfgParent>
        </BuildConfiguration>
        <BuildConfiguration Include="Base">
            <Key>Base</Key>
        </BuildConfiguration>
        <BuildConfiguration Include="Debug">
            <Key>Cfg_1</Key>
            <CfgParent>Base</CfgParent>
        </BuildConfiguration>
    </ItemGroup>
    <ProjectExtensions>
        <Borland.Personality>Delphi.Personality.12</Borland.Personality>
        <Borland.ProjectType>Application</Borland.ProjectType>
        <BorlandProject>
            <Delphi.Personality>
                <Source>
                    <Source Name="MainSource">crud_test.dpr</Source>
                </Source>
                <Excluded_Packages>
                    <Excluded_Packages Name="C:\Users\Public\Documents\Embarcadero\Studio\18.0\Bpl\RaizeComponentsVcl240.bpl">(untitled)</Excluded_Packages>
                    <Excluded_Packages Name="C:\Users\Public\Documents\Embarcadero\Studio\18.0\Bpl\RaizeComponentsVclDb240.bpl">(untitled)</Excluded_Packages>
                    <Excluded_Packages Name="$(BDSBIN)\dcloffice2k240.bpl">Microsoft Office 2000 Sample Automation Server Wrapper Components</Excluded_Packages>
                    <Excluded_Packages Name="$(BDSBIN)\dclofficexp240.bpl">Microsoft Office XP Sample Automation Server Wrapper Components</Excluded_Packages>
                </Excluded_Packages>
            </Delphi.Personality>
            <Deployment Version="3">
                <DeployFile LocalName="$(BDS)\Redist\osx32\libcgunwind.1.0.dylib" Class="DependencyModule">
                    <Platform Name="OSX32">
                        <Overwrite>true</Overwrite>
                    </Platform>
                </DeployFile>
                <DeployFile LocalName="$(BDS)\Redist\iossimulator\libcgunwind.1.0.dylib" Class="DependencyModule">
                    <Platform Name="iOSSimulator">
                        <Overwrite>true</Overwrite>
                    </Platform>
                </DeployFile>
                <DeployFile LocalName="$(BDS)\Redist\iossimulator\libPCRE.dylib" Class="DependencyModule">
                    <Platform Name="iOSSimulator">
                        <Overwrite>true</Overwrite>
                    </Platform>
                </DeployFile>
                <DeployFile LocalName="$(BDS)\Redist\osx32\libcgsqlite3.dylib" Class="DependencyModule">
                    <Platform Name="OSX32">
                        <Overwrite>true</Overwrite>
                    </Platform>
                </DeployFile>
                <DeployFile LocalName="output\exe\crud_test.exe" Configuration="Debug" Class="ProjectOutput">
                    <Platform Name="Win32">
                        <RemoteName>crud_test.exe</RemoteName>
                        <Overwrite>true</Overwrite>
                    </Platform>
                </DeployFile>
                <DeployClass Name="ProjectiOSDeviceResourceRules">
                    <Platform Name="iOSDevice64">
                        <Operation>1</Operation>
                    </Platform>
                    <Platform Name="iOSDevice32">
                        <Operation>1</Operation>
                    </Platform>
                </DeployClass>
                <DeployClass Name="ProjectOSXResource">
                    <Platform Name="OSX32">
                        <RemoteDir>Contents\Resources</RemoteDir>
                        <Operation>1</Operation>
                    </Platform>
                </DeployClass>
                <DeployClass Name="AndroidClassesDexFile">
                    <Platform Name="Android">
                        <RemoteDir>classes</RemoteDir>
                        <Operation>1</Operation>
                    </Platform>
                </DeployClass>
                <DeployClass Name="AdditionalDebugSymbols">
                    <Platform Name="Win32">
                        <RemoteDir>Contents\MacOS</RemoteDir>
                        <Operation>0</Operation>
                    </Platform>
                    <Platform Name="iOSSimulator">
                        <Operation>1</Operation>
                    </Platform>
                    <Platform Name="OSX32">
                        <RemoteDir>Contents\MacOS</RemoteDir>
                        <Operation>1</Operation>
                    </Platform>
                </DeployClass>
                <DeployClass Name="iPad_Launch768">
                    <Platform Name="iOSSimulator">
                        <Operation>1</Operation>
                    </Platform>
                    <Platform Name="iOSDevice64">
                        <Operation>1</Operation>
                    </Platform>
                    <Platform Name="iOSDevice32">
                        <Operation>1</Operation>
                    </Platform>
                </DeployClass>
                <DeployClass Name="Android_LauncherIcon144">
                    <Platform Name="Android">
                        <RemoteDir>res\drawable-xxhdpi</RemoteDir>
                        <Operation>1</Operation>
                    </Platform>
                </DeployClass>
                <DeployClass Name="AndroidLibnativeMipsFile">
                    <Platform Name="Android">
                        <RemoteDir>library\lib\mips</RemoteDir>
                        <Operation>1</Operation>
                    </Platform>
                </DeployClass>
                <DeployClass Required="true" Name="ProjectOutput">
                    <Platform Name="iOSDevice64">
                        <Operation>1</Operation>
                    </Platform>
                    <Platform Name="iOSDevice32">
                        <Operation>1</Operation>
                    </Platform>
                    <Platform Name="Win32">
                        <Operation>0</Operation>
                    </Platform>
                    <Platform Name="Linux64">
                        <Operation>1</Operation>
                    </Platform>
                    <Platform Name="OSX32">
                        <RemoteDir>Contents\MacOS</RemoteDir>
                        <Operation>1</Operation>
                    </Platform>
                    <Platform Name="Android">
                        <RemoteDir>library\lib\armeabi-v7a</RemoteDir>
                        <Operation>1</Operation>
                    </Platform>
                    <Platform Name="iOSSimulator">
                        <Operation>1</Operation>
                    </Platform>
                </DeployClass>
                <DeployClass Name="DependencyFramework">
                    <Platform Name="Win32">
                        <Operation>0</Operation>
                    </Platform>
                    <Platform Name="OSX32">
                        <RemoteDir>Contents\MacOS</RemoteDir>
                        <Operation>1</Operation>
                        <Extensions>.framework</Extensions>
                    </Platform>
                </DeployClass>
                <DeployClass Name="ProjectUWPManifest">
                    <Platform Name="Win32">
                        <Operation>1</Operation>
                    </Platform>
                    <Platform Name="Win64">
                        <Operation>1</Operation>
                    </Platform>
                </DeployClass>
                <DeployClass Name="iPhone_Launch640">
                    <Platform Name="iOSSimulator">
                        <Operation>1</Operation>
                    </Platform>
                    <Platform Name="iOSDevice64">
                        <Operation>1</Operation>
                    </Platform>
                    <Platform Name="iOSDevice32">
                        <Operation>1</Operation>
                    </Platform>
                </DeployClass>
                <DeployClass Name="iPad_Launch1024">
                    <Platform Name="iOSSimulator">
                        <Operation>1</Operation>
                    </Platform>
                    <Platform Name="iOSDevice64">
                        <Operation>1</Operation>
                    </Platform>
                    <Platform Name="iOSDevice32">
                        <Operation>1</Operation>
                    </Platform>
                </DeployClass>
                <DeployClass Name="ProjectiOSDeviceDebug">
                    <Platform Name="iOSDevice64">
                        <RemoteDir>..\$(PROJECTNAME).app.dSYM\Contents\Resources\DWARF</RemoteDir>
                        <Operation>1</Operation>
                    </Platform>
                    <Platform Name="iOSDevice32">
                        <RemoteDir>..\$(PROJECTNAME).app.dSYM\Contents\Resources\DWARF</RemoteDir>
                        <Operation>1</Operation>
                    </Platform>
                </DeployClass>
                <DeployClass Name="iPhone_Launch320">
                    <Platform Name="iOSSimulator">
                        <Operation>1</Operation>
                    </Platform>
                    <Platform Name="iOSDevice64">
                        <Operation>1</Operation>
                    </Platform>
                    <Platform Name="iOSDevice32">
                        <Operation>1</Operation>
                    </Platform>
                </DeployClass>
                <DeployClass Name="ProjectiOSInfoPList">
                    <Platform Name="iOSSimulator">
                        <Operation>1</Operation>
                    </Platform>
                    <Platform Name="iOSDevice64">
                        <Operation>1</Operation>
                    </Platform>
                    <Platform Name="iOSDevice32">
                        <Operation>1</Operation>
                    </Platform>
                </DeployClass>
                <DeployClass Name="AndroidLibnativeArmeabiFile">
                    <Platform Name="Android">
                        <RemoteDir>library\lib\armeabi</RemoteDir>
                        <Operation>1</Operation>
                    </Platform>
                </DeployClass>
                <DeployClass Name="DebugSymbols">
                    <Platform Name="Win32">
                        <Operation>0</Operation>
                    </Platform>
                    <Platform Name="iOSSimulator">
                        <Operation>1</Operation>
                    </Platform>
                    <Platform Name="OSX32">
                        <RemoteDir>Contents\MacOS</RemoteDir>
                        <Operation>1</Operation>
                    </Platform>
                </DeployClass>
                <DeployClass Name="iPad_Launch1536">
                    <Platform Name="iOSSimulator">
                        <Operation>1</Operation>
                    </Platform>
                    <Platform Name="iOSDevice64">
                        <Operation>1</Operation>
                    </Platform>
                    <Platform Name="iOSDevice32">
                        <Operation>1</Operation>
                    </Platform>
                </DeployClass>
                <DeployClass Name="Android_SplashImage470">
                    <Platform Name="Android">
                        <RemoteDir>res\drawable-normal</RemoteDir>
                        <Operation>1</Operation>
                    </Platform>
                </DeployClass>
                <DeployClass Name="Android_LauncherIcon96">
                    <Platform Name="Android">
                        <RemoteDir>res\drawable-xhdpi</RemoteDir>
                        <Operation>1</Operation>
                    </Platform>
                </DeployClass>
                <DeployClass Name="Android_SplashImage640">
                    <Platform Name="Android">
                        <RemoteDir>res\drawable-large</RemoteDir>
                        <Operation>1</Operation>
                    </Platform>
                </DeployClass>
                <DeployClass Name="iPhone_Launch640x1136">
                    <Platform Name="iOSSimulator">
                        <Operation>1</Operation>
                    </Platform>
                    <Platform Name="iOSDevice64">
                        <Operation>1</Operation>
                    </Platform>
                    <Platform Name="iOSDevice32">
                        <Operation>1</Operation>
                    </Platform>
                </DeployClass>
                <DeployClass Name="UWP_DelphiLogo44">
                    <Platform Name="Win32">
                        <RemoteDir>Assets</RemoteDir>
                        <Operation>1</Operation>
                    </Platform>
                    <Platform Name="Win64">
                        <RemoteDir>Assets</RemoteDir>
                        <Operation>1</Operation>
                    </Platform>
                </DeployClass>
                <DeployClass Name="ProjectiOSEntitlements">
                    <Platform Name="iOSDevice64">
                        <RemoteDir>..\</RemoteDir>
                        <Operation>1</Operation>
                    </Platform>
                    <Platform Name="iOSDevice32">
                        <RemoteDir>..\</RemoteDir>
                        <Operation>1</Operation>
                    </Platform>
                </DeployClass>
                <DeployClass Name="Android_LauncherIcon72">
                    <Platform Name="Android">
                        <RemoteDir>res\drawable-hdpi</RemoteDir>
                        <Operation>1</Operation>
                    </Platform>
                </DeployClass>
                <DeployClass Name="AndroidGDBServer">
                    <Platform Name="Android">
                        <RemoteDir>library\lib\armeabi-v7a</RemoteDir>
                        <Operation>1</Operation>
                    </Platform>
                </DeployClass>
                <DeployClass Name="ProjectOSXInfoPList">
                    <Platform Name="OSX32">
                        <RemoteDir>Contents</RemoteDir>
                        <Operation>1</Operation>
                    </Platform>
                </DeployClass>
                <DeployClass Name="ProjectOSXEntitlements">
                    <Platform Name="OSX32">
                        <RemoteDir>..\</RemoteDir>
                        <Operation>1</Operation>
                    </Platform>
                </DeployClass>
                <DeployClass Name="UWP_DelphiLogo150">
                    <Platform Name="Win32">
                        <RemoteDir>Assets</RemoteDir>
                        <Operation>1</Operation>
                    </Platform>
                    <Platform Name="Win64">
                        <RemoteDir>Assets</RemoteDir>
                        <Operation>1</Operation>
                    </Platform>
                </DeployClass>
                <DeployClass Name="iPad_Launch2048">
                    <Platform Name="iOSSimulator">
                        <Operation>1</Operation>
                    </Platform>
                    <Platform Name="iOSDevice64">
                        <Operation>1</Operation>
                    </Platform>
                    <Platform Name="iOSDevice32">
                        <Operation>1</Operation>
                    </Platform>
                </DeployClass>
                <DeployClass Name="AndroidSplashStyles">
                    <Platform Name="Android">
                        <RemoteDir>res\values</RemoteDir>
                        <Operation>1</Operation>
                    </Platform>
                </DeployClass>
                <DeployClass Name="Android_SplashImage426">
                    <Platform Name="Android">
                        <RemoteDir>res\drawable-small</RemoteDir>
                        <Operation>1</Operation>
                    </Platform>
                </DeployClass>
                <DeployClass Name="AndroidSplashImageDef">
                    <Platform Name="Android">
                        <RemoteDir>res\drawable</RemoteDir>
                        <Operation>1</Operation>
                    </Platform>
                </DeployClass>
                <DeployClass Name="ProjectiOSResource">
                    <Platform Name="iOSSimulator">
                        <Operation>1</Operation>
                    </Platform>
                    <Platform Name="iOSDevice64">
                        <Operation>1</Operation>
                    </Platform>
                    <Platform Name="iOSDevice32">
                        <Operation>1</Operation>
                    </Platform>
                </DeployClass>
                <DeployClass Name="ProjectAndroidManifest">
                    <Platform Name="Android">
                        <Operation>1</Operation>
                    </Platform>
                </DeployClass>
                <DeployClass Name="Android_DefaultAppIcon">
                    <Platform Name="Android">
                        <RemoteDir>res\drawable</RemoteDir>
                        <Operation>1</Operation>
                    </Platform>
                </DeployClass>
                <DeployClass Name="File">
                    <Platform Name="Win32">
                        <Operation>0</Operation>
                    </Platform>
                    <Platform Name="iOSDevice64">
                        <Operation>0</Operation>
                    </Platform>
                    <Platform Name="OSX32">
                        <RemoteDir>Contents\Resources\StartUp\</RemoteDir>
                        <Operation>0</Operation>
                    </Platform>
                    <Platform Name="iOSDevice32">
                        <Operation>0</Operation>
                    </Platform>
                    <Platform Name="Android">
                        <Operation>0</Operation>
                    </Platform>
                    <Platform Name="iOSSimulator">
                        <Operation>0</Operation>
                    </Platform>
                </DeployClass>
                <DeployClass Name="AndroidServiceOutput">
                    <Platform Name="Android">
                        <RemoteDir>library\lib\armeabi-v7a</RemoteDir>
                        <Operation>1</Operation>
                    </Platform>
                </DeployClass>
                <DeployClass Required="true" Name="DependencyPackage">
                    <Platform Name="Win32">
                        <Operation>0</Operation>
                        <Extensions>.bpl</Extensions>
                    </Platform>
                    <Platform Name="iOSDevice64">
                        <Operation>1</Operation>
                        <Extensions>.dylib</Extensions>
                    </Platform>
                    <Platform Name="OSX32">
                        <RemoteDir>Contents\MacOS</RemoteDir>
                        <Operation>1</Operation>
                        <Extensions>.dylib</Extensions>
                    </Platform>
                    <Platform Name="iOSDevice32">
                        <Operation>1</Operation>
                        <Extensions>.dylib</Extensions>
                    </Platform>
                    <Platform Name="iOSSimulator">
                        <Operation>1</Operation>
                        <Extensions>.dylib</Extensions>
                    </Platform>
                </DeployClass>
                <DeployClass Name="Android_LauncherIcon48">
                    <Platform Name="Android">
                        <RemoteDir>res\drawable-mdpi</RemoteDir>
                        <Operation>1</Operation>
                    </Platform>
                </DeployClass>
                <DeployClass Name="Android_SplashImage960">
                    <Platform Name="Android">
                        <RemoteDir>res\drawable-xlarge</RemoteDir>
                        <Operation>1</Operation>
                    </Platform>
                </DeployClass>
                <DeployClass Name="Android_LauncherIcon36">
                    <Platform Name="Android">
                        <RemoteDir>res\drawable-ldpi</RemoteDir>
                        <Operation>1</Operation>
                    </Platform>
                </DeployClass>
                <DeployClass Name="DependencyModule">
                    <Platform Name="Win32">
                        <Operation>0</Operation>
                        <Extensions>.dll;.bpl</Extensions>
                    </Platform>
                    <Platform Name="iOSDevice64">
                        <Operation>1</Operation>
                        <Extensions>.dylib</Extensions>
                    </Platform>
                    <Platform Name="OSX32">
                        <RemoteDir>Contents\MacOS</RemoteDir>
                        <Operation>1</Operation>
                        <Extensions>.dylib</Extensions>
                    </Platform>
                    <Platform Name="iOSDevice32">
                        <Operation>1</Operation>
                        <Extensions>.dylib</Extensions>
                    </Platform>
                    <Platform Name="iOSSimulator">
                        <Operation>1</Operation>
                        <Extensions>.dylib</Extensions>
                    </Platform>
                </DeployClass>
                <ProjectRoot Platform="iOSDevice64" Name="$(PROJECTNAME).app"/>
                <ProjectRoot Platform="Win64" Name="$(PROJECTNAME)"/>
                <ProjectRoot Platform="iOSDevice32" Name="$(PROJECTNAME).app"/>
                <ProjectRoot Platform="Linux64" Name="$(PROJECTNAME)"/>
                <ProjectRoot Platform="Win32" Name="$(PROJECTNAME)"/>
                <ProjectRoot Platform="OSX32" Name="$(PROJECTNAME).app"/>
                <ProjectRoot Platform="Android" Name="$(PROJECTNAME)"/>
                <ProjectRoot Platform="iOSSimulator" Name="$(PROJECTNAME).app"/>
            </Deployment>
            <Platforms>
                <Platform value="Win32">True</Platform>
                <Platform value="Win64">False</Platform>
            </Platforms>
            <UnitTesting>
                <TestFramework>DUnit / Delphi Win32</TestFramework>
                <TestRunner>GUI</TestRunner>
                <TestProjectName/>
                <SourceProjectName/>
            </UnitTesting>
        </BorlandProject>
        <ProjectFileVersion>12</ProjectFileVersion>
    </ProjectExtensions>
    <Import Project="$(BDS)\Bin\CodeGear.Delphi.Targets" Condition="Exists('$(BDS)\Bin\CodeGear.Delphi.Targets')"/>
    <Import Project="$(APPDATA)\Embarcadero\$(BDSAPPDATABASEDIR)\$(PRODUCTVERSION)\UserTools.proj" Condition="Exists('$(APPDATA)\Embarcadero\$(BDSAPPDATABASEDIR)\$(PRODUCTVERSION)\UserTools.proj')"/>
    <Import Project="$(MSBuildProjectName).deployproj" Condition="Exists('$(MSBuildProjectName).deployproj')"/>
</Project>
